
Microsoft Visual Studio Solution File, Format Version 12.00
# Visual Studio Version 17
VisualStudioVersion = 17.0.31903.59
MinimumVisualStudioVersion = 10.0.40219.1
Project("{FAE04EC0-301F-11D3-BF4B-00C04F79EFBC}") = "API", "API\API.csproj", "{B1239B92-81A2-4BCE-9894-919C2E2F3A60}"
EndProject
Project("{FAE04EC0-301F-11D3-BF4B-00C04F79EFBC}") = "Domain", "Domain\Domain.csproj", "{AA21AEAD-8DF5-4A59-ACE4-DA3CD81483D6}"
EndProject
Project("{FAE04EC0-301F-11D3-BF4B-00C04F79EFBC}") = "Application", "Application\Application.csproj", "{C7F727D4-D8AA-49D2-8695-FBB96BE7C1E9}"
EndProject
Project("{FAE04EC0-301F-11D3-BF4B-00C04F79EFBC}") = "Presistence", "Presistence\Presistence.csproj", "{545461B5-EDB6-48F4-BC75-F612E02C0997}"
EndProject
Global
	GlobalSection(SolutionConfigurationPlatforms) = preSolution
		Debug|Any CPU = Debug|Any CPU
		Release|Any CPU = Release|Any CPU
	EndGlobalSection
	GlobalSection(SolutionProperties) = preSolution
		HideSolutionNode = FALSE
	EndGlobalSection
	GlobalSection(ProjectConfigurationPlatforms) = postSolution
		{B1239B92-81A2-4BCE-9894-919C2E2F3A60}.Debug|Any CPU.ActiveCfg = Debug|Any CPU
		{B1239B92-81A2-4BCE-9894-919C2E2F3A60}.Debug|Any CPU.Build.0 = Debug|Any CPU
		{B1239B92-81A2-4BCE-9894-919C2E2F3A60}.Release|Any CPU.ActiveCfg = Release|Any CPU
		{B1239B92-81A2-4BCE-9894-919C2E2F3A60}.Release|Any CPU.Build.0 = Release|Any CPU
		{AA21AEAD-8DF5-4A59-ACE4-DA3CD81483D6}.Debug|Any CPU.ActiveCfg = Debug|Any CPU
		{AA21AEAD-8DF5-4A59-ACE4-DA3CD81483D6}.Debug|Any CPU.Build.0 = Debug|Any CPU
		{AA21AEAD-8DF5-4A59-ACE4-DA3CD81483D6}.Release|Any CPU.ActiveCfg = Release|Any CPU
		{AA21AEAD-8DF5-4A59-ACE4-DA3CD81483D6}.Release|Any CPU.Build.0 = Release|Any CPU
		{C7F727D4-D8AA-49D2-8695-FBB96BE7C1E9}.Debug|Any CPU.ActiveCfg = Debug|Any CPU
		{C7F727D4-D8AA-49D2-8695-FBB96BE7C1E9}.Debug|Any CPU.Build.0 = Debug|Any CPU
		{C7F727D4-D8AA-49D2-8695-FBB96BE7C1E9}.Release|Any CPU.ActiveCfg = Release|Any CPU
		{C7F727D4-D8AA-49D2-8695-FBB96BE7C1E9}.Release|Any CPU.Build.0 = Release|Any CPU
		{545461B5-EDB6-48F4-BC75-F612E02C0997}.Debug|Any CPU.ActiveCfg = Debug|Any CPU
		{545461B5-EDB6-48F4-BC75-F612E02C0997}.Debug|Any CPU.Build.0 = Debug|Any CPU
		{545461B5-EDB6-48F4-BC75-F612E02C0997}.Release|Any CPU.ActiveCfg = Release|Any CPU
		{545461B5-EDB6-48F4-BC75-F612E02C0997}.Release|Any CPU.Build.0 = Release|Any CPU
	EndGlobalSection
EndGlobal
